
Microsoft Visual Studio Solution File, Format Version 12.00
# Visual Studio Version 17
VisualStudioVersion = 17.11.35312.102
MinimumVisualStudioVersion = 10.0.40219.1
Project("{FAE04EC0-301F-11D3-BF4B-00C04F79EFBC}") = "Assignment", "Assignment\Assignment.csproj", "{1DE4CC3E-54C0-464F-8BED-30E4B72D2F76}"
EndProject
Global
	GlobalSection(SolutionConfigurationPlatforms) = preSolution
		Debug|Any CPU = Debug|Any CPU
		Release|Any CPU = Release|Any CPU
	EndGlobalSection
	GlobalSection(ProjectConfigurationPlatforms) = postSolution
		{1DE4CC3E-54C0-464F-8BED-30E4B72D2F76}.Debug|Any CPU.ActiveCfg = Debug|Any CPU
		{1DE4CC3E-54C0-464F-8BED-30E4B72D2F76}.Debug|Any CPU.Build.0 = Debug|Any CPU
		{1DE4CC3E-54C0-464F-8BED-30E4B72D2F76}.Release|Any CPU.ActiveCfg = Release|Any CPU
		{1DE4CC3E-54C0-464F-8BED-30E4B72D2F76}.Release|Any CPU.Build.0 = Release|Any CPU
	EndGlobalSection
	GlobalSection(SolutionProperties) = preSolution
		HideSolutionNode = FALSE
	EndGlobalSection
	GlobalSection(ExtensibilityGlobals) = postSolution
		SolutionGuid = {C078FC0B-23C1-4225-8B4F-35005F82872D}
	EndGlobalSection
EndGlobal
